
Microsoft Visual Studio Solution File, Format Version 12.00
# Visual Studio Version 17
VisualStudioVersion = 17.8.34330.188
MinimumVisualStudioVersion = 10.0.40219.1
Project("{9A19103F-16F7-4668-BE54-9A1E7A4F7556}") = "TopUpAPI", "TopUpAPI\TopUpAPI.csproj", "{0BC58B8C-0045-4468-B297-F28786FBBCD9}"
EndProject
Project("{9A19103F-16F7-4668-BE54-9A1E7A4F7556}") = "TopUpDB", "TopUpDB\TopUpDB.csproj", "{BE8A03A8-0EA2-42F2-941A-6C215885244E}"
EndProject
Project("{9A19103F-16F7-4668-BE54-9A1E7A4F7556}") = "BalanceAPI", "BalanceAPI\BalanceAPI.csproj", "{13AE485E-F2C0-4CE3-BF29-1E9B67F0D7C8}"
EndProject
Global
	GlobalSection(SolutionConfigurationPlatforms) = preSolution
		Debug|Any CPU = Debug|Any CPU
		Release|Any CPU = Release|Any CPU
	EndGlobalSection
	GlobalSection(ProjectConfigurationPlatforms) = postSolution
		{0BC58B8C-0045-4468-B297-F28786FBBCD9}.Debug|Any CPU.ActiveCfg = Debug|Any CPU
		{0BC58B8C-0045-4468-B297-F28786FBBCD9}.Debug|Any CPU.Build.0 = Debug|Any CPU
		{0BC58B8C-0045-4468-B297-F28786FBBCD9}.Release|Any CPU.ActiveCfg = Release|Any CPU
		{0BC58B8C-0045-4468-B297-F28786FBBCD9}.Release|Any CPU.Build.0 = Release|Any CPU
		{BE8A03A8-0EA2-42F2-941A-6C215885244E}.Debug|Any CPU.ActiveCfg = Debug|Any CPU
		{BE8A03A8-0EA2-42F2-941A-6C215885244E}.Debug|Any CPU.Build.0 = Debug|Any CPU
		{BE8A03A8-0EA2-42F2-941A-6C215885244E}.Release|Any CPU.ActiveCfg = Release|Any CPU
		{BE8A03A8-0EA2-42F2-941A-6C215885244E}.Release|Any CPU.Build.0 = Release|Any CPU
		{13AE485E-F2C0-4CE3-BF29-1E9B67F0D7C8}.Debug|Any CPU.ActiveCfg = Debug|Any CPU
		{13AE485E-F2C0-4CE3-BF29-1E9B67F0D7C8}.Debug|Any CPU.Build.0 = Debug|Any CPU
		{13AE485E-F2C0-4CE3-BF29-1E9B67F0D7C8}.Release|Any CPU.ActiveCfg = Release|Any CPU
		{13AE485E-F2C0-4CE3-BF29-1E9B67F0D7C8}.Release|Any CPU.Build.0 = Release|Any CPU
	EndGlobalSection
	GlobalSection(SolutionProperties) = preSolution
		HideSolutionNode = FALSE
	EndGlobalSection
	GlobalSection(ExtensibilityGlobals) = postSolution
		SolutionGuid = {D4139F29-36A9-4A1F-9A83-3C913B0DB60D}
	EndGlobalSection
EndGlobal
